version = 1
revision = 1
requires-python = ">=3.10"

[[package]]
name = "openenv-productivity"
version = "1.0.0"
source = { virtual = "." }
dependencies = [
    { name = "fastapi", specifier = ">=0.110.0,<1.0.0" },
    { name = "openai", specifier = ">=1.30.0,<3.0.0" },
    { name = "openenv-core", specifier = ">=0.2.0" },
    { name = "pydantic", specifier = ">=2.7.0,<3.0.0" },
    { name = "uvicorn", specifier = ">=0.30.0,<1.0.0" },
]
